
Microsoft Visual Studio Solution File, Format Version 12.00
# Visual Studio 15
VisualStudioVersion = 15.0.26730.16
MinimumVisualStudioVersion = 10.0.40219.1
Project("{FAE04EC0-301F-11D3-BF4B-00C04F79EFBC}") = "latlng", "latlng\latlng.csproj", "{3FB01331-BE62-46CC-B999-AA9CE1A34DF5}"
EndProject
Global
	GlobalSection(SolutionConfigurationPlatforms) = preSolution
		Debug|Any CPU = Debug|Any CPU
		Release|Any CPU = Release|Any CPU
	EndGlobalSection
	GlobalSection(ProjectConfigurationPlatforms) = postSolution
		{3FB01331-BE62-46CC-B999-AA9CE1A34DF5}.Debug|Any CPU.ActiveCfg = Debug|Any CPU
		{3FB01331-BE62-46CC-B999-AA9CE1A34DF5}.Debug|Any CPU.Build.0 = Debug|Any CPU
		{3FB01331-BE62-46CC-B999-AA9CE1A34DF5}.Release|Any CPU.ActiveCfg = Release|Any CPU
		{3FB01331-BE62-46CC-B999-AA9CE1A34DF5}.Release|Any CPU.Build.0 = Release|Any CPU
	EndGlobalSection
	GlobalSection(SolutionProperties) = preSolution
		HideSolutionNode = FALSE
	EndGlobalSection
	GlobalSection(ExtensibilityGlobals) = postSolution
		SolutionGuid = {3BC63C12-49D9-4920-82F0-188CB16E971B}
	EndGlobalSection
EndGlobal
